{
  "name": "discourse-component-youtubetimestamps",
  "version": "1.1.0",
  "lockfileVersion": 1,
  "requires": true,
  "dependencies": {
    "extract-timestamp": {
      "version": "1.2.0",
      "resolved": "https://registry.npmjs.org/extract-timestamp/-/extract-timestamp-1.2.0.tgz",
      "integrity": "sha512-A7f6W4MZkEXLxcyWKFO6uEIZOkzUVd6nHbgaUcadLUtc/bIhkmvkKW0Pk3r0URaQk2nUQz8bWQt/d8VhFTxo+Q=="
    }
  }
}
